
Microsoft Visual Studio Solution File, Format Version 12.00
# Visual Studio 15
VisualStudioVersion = 15.0.28307.852
MinimumVisualStudioVersion = 10.0.40219.1
Project("{FAE04EC0-301F-11D3-BF4B-00C04F79EFBC}") = "Project1", "Project1\Project1.csproj", "{C6DB85AF-EFEC-43EC-BD81-B1BCDC46C45F}"
EndProject
Global
	GlobalSection(SolutionConfigurationPlatforms) = preSolution
		Debug|Any CPU = Debug|Any CPU
		Release|Any CPU = Release|Any CPU
	EndGlobalSection
	GlobalSection(ProjectConfigurationPlatforms) = postSolution
		{C6DB85AF-EFEC-43EC-BD81-B1BCDC46C45F}.Debug|Any CPU.ActiveCfg = Debug|Any CPU
		{C6DB85AF-EFEC-43EC-BD81-B1BCDC46C45F}.Debug|Any CPU.Build.0 = Debug|Any CPU
		{C6DB85AF-EFEC-43EC-BD81-B1BCDC46C45F}.Release|Any CPU.ActiveCfg = Release|Any CPU
		{C6DB85AF-EFEC-43EC-BD81-B1BCDC46C45F}.Release|Any CPU.Build.0 = Release|Any CPU
	EndGlobalSection
	GlobalSection(SolutionProperties) = preSolution
		HideSolutionNode = FALSE
	EndGlobalSection
	GlobalSection(ExtensibilityGlobals) = postSolution
		SolutionGuid = {D853C731-352B-49D7-8193-1B30A198F564}
	EndGlobalSection
EndGlobal
